
Microsoft Visual Studio Solution File, Format Version 12.00
# Visual Studio Version 17
VisualStudioVersion = 17.5.33530.505
MinimumVisualStudioVersion = 10.0.40219.1
Project("{FAE04EC0-301F-11D3-BF4B-00C04F79EFBC}") = "Rebar", "Rebar.csproj", "{24AE55B0-BB14-485E-A2CD-AD030889B348}"
EndProject
Global
	GlobalSection(SolutionConfigurationPlatforms) = preSolution
		Debug|Any CPU = Debug|Any CPU
		Release|Any CPU = Release|Any CPU
	EndGlobalSection
	GlobalSection(ProjectConfigurationPlatforms) = postSolution
		{24AE55B0-BB14-485E-A2CD-AD030889B348}.Debug|Any CPU.ActiveCfg = Debug|Any CPU
		{24AE55B0-BB14-485E-A2CD-AD030889B348}.Debug|Any CPU.Build.0 = Debug|Any CPU
		{24AE55B0-BB14-485E-A2CD-AD030889B348}.Release|Any CPU.ActiveCfg = Release|Any CPU
		{24AE55B0-BB14-485E-A2CD-AD030889B348}.Release|Any CPU.Build.0 = Release|Any CPU
	EndGlobalSection
	GlobalSection(SolutionProperties) = preSolution
		HideSolutionNode = FALSE
	EndGlobalSection
	GlobalSection(ExtensibilityGlobals) = postSolution
		SolutionGuid = {B728984A-A8EC-4519-8554-DDB046D6D060}
	EndGlobalSection
EndGlobal
